// !$*UTF8*$!
{
	archiveVersion = 1;
	classes = {
	};
	objectVersion = 55;
	objects = {

/* Begin PBXBuildFile section */
		7D2F1006270E03460032B306 /* WeatherApp.swift in Sources */ = {isa = PBXBuildFile; fileRef = 7D2F1005270E03460032B306 /* WeatherApp.swift */; };
		7D2F1008270E03460032B306 /* ContentView.swift in Sources */ = {isa = PBXBuildFile; fileRef = 7D2F1007270E03460032B306 /* ContentView.swift */; };
		7D2F100A270E03490032B306 /* Assets.xcassets in Resources */ = {isa = PBXBuildFile; fileRef = 7D2F1009270E03490032B306 /* Assets.xcassets */; };
		7D2F100D270E03490032B306 /* Preview Assets.xcassets in Resources */ = {isa = PBXBuildFile; fileRef = 7D2F100C270E03490032B306 /* Preview Assets.xcassets */; };
		7D2F1017270E03490032B306 /* WeatherTests.swift in Sources */ = {isa = PBXBuildFile; fileRef = 7D2F1016270E03490032B306 /* WeatherTests.swift */; };
		7D2F1021270E03490032B306 /* WeatherUITests.swift in Sources */ = {isa = PBXBuildFile; fileRef = 7D2F1020270E03490032B306 /* WeatherUITests.swift */; };
		7D2F1023270E03490032B306 /* WeatherUITestsLaunchTests.swift in Sources */ = {isa = PBXBuildFile; fileRef = 7D2F1022270E03490032B306 /* WeatherUITestsLaunchTests.swift */; };
		7D2F1030270E03F20032B306 /* Weather.swift in Sources */ = {isa = PBXBuildFile; fileRef = 7D2F102F270E03F20032B306 /* Weather.swift */; };
		7D2F1032270E06AF0032B306 /* ForecastWeather.swift in Sources */ = {isa = PBXBuildFile; fileRef = 7D2F1031270E06AF0032B306 /* ForecastWeather.swift */; };
		7D2F1034270E06D60032B306 /* WeatherService.swift in Sources */ = {isa = PBXBuildFile; fileRef = 7D2F1033270E06D60032B306 /* WeatherService.swift */; };
		7D2F1036270E081B0032B306 /* Config.xcconfig in Resources */ = {isa = PBXBuildFile; fileRef = 7D2F1035270E081B0032B306 /* Config.xcconfig */; };
		7D2F1039270E0A6F0032B306 /* Configuration.swift in Sources */ = {isa = PBXBuildFile; fileRef = 7D2F1038270E0A6F0032B306 /* Configuration.swift */; };
		7D2F103F270E1B6F0032B306 /* CurrentWeather.swift in Sources */ = {isa = PBXBuildFile; fileRef = 7D2F103E270E1B6F0032B306 /* CurrentWeather.swift */; };
		7D2F1041270E1B810032B306 /* WeatherRow.swift in Sources */ = {isa = PBXBuildFile; fileRef = 7D2F1040270E1B810032B306 /* WeatherRow.swift */; };
/* End PBXBuildFile section */

/* Begin PBXContainerItemProxy section */
		7D2F1013270E03490032B306 /* PBXContainerItemProxy */ = {
			isa = PBXContainerItemProxy;
			containerPortal = 7D2F0FFA270E03460032B306 /* Project object */;
			proxyType = 1;
			remoteGlobalIDString = 7D2F1001270E03460032B306;
			remoteInfo = Weather;
		};
		7D2F101D270E03490032B306 /* PBXContainerItemProxy */ = {
			isa = PBXContainerItemProxy;
			containerPortal = 7D2F0FFA270E03460032B306 /* Project object */;
			proxyType = 1;
			remoteGlobalIDString = 7D2F1001270E03460032B306;
			remoteInfo = Weather;
		};
/* End PBXContainerItemProxy section */

/* Begin PBXFileReference section */
		7D2F1002270E03460032B306 /* Weather.app */ = {isa = PBXFileReference; explicitFileType = wrapper.application; includeInIndex = 0; path = Weather.app; sourceTree = BUILT_PRODUCTS_DIR; };
		7D2F1005270E03460032B306 /* WeatherApp.swift */ = {isa = PBXFileReference; lastKnownFileType = sourcecode.swift; path = WeatherApp.swift; sourceTree = "<group>"; };
		7D2F1007270E03460032B306 /* ContentView.swift */ = {isa = PBXFileReference; lastKnownFileType = sourcecode.swift; path = ContentView.swift; sourceTree = "<group>"; };
		7D2F1009270E03490032B306 /* Assets.xcassets */ = {isa = PBXFileReference; lastKnownFileType = folder.assetcatalog; path = Assets.xcassets; sourceTree = "<group>"; };
		7D2F100C270E03490032B306 /* Preview Assets.xcassets */ = {isa = PBXFileReference; lastKnownFileType = folder.assetcatalog; path = "Preview Assets.xcassets"; sourceTree = "<group>"; };
		7D2F1012270E03490032B306 /* WeatherTests.xctest */ = {isa = PBXFileReference; explicitFileType = wrapper.cfbundle; includeInIndex = 0; path = WeatherTests.xctest; sourceTree = BUILT_PRODUCTS_DIR; };
		7D2F1016270E03490032B306 /* WeatherTests.swift */ = {isa = PBXFileReference; lastKnownFileType = sourcecode.swift; path = WeatherTests.swift; sourceTree = "<group>"; };
		7D2F101C270E03490032B306 /* WeatherUITests.xctest */ = {isa = PBXFileReference; explicitFileType = wrapper.cfbundle; includeInIndex = 0; path = WeatherUITests.xctest; sourceTree = BUILT_PRODUCTS_DIR; };
		7D2F1020270E03490032B306 /* WeatherUITests.swift */ = {isa = PBXFileReference; lastKnownFileType = sourcecode.swift; path = WeatherUITests.swift; sourceTree = "<group>"; };
		7D2F1022270E03490032B306 /* WeatherUITestsLaunchTests.swift */ = {isa = PBXFileReference; lastKnownFileType = sourcecode.swift; path = WeatherUITestsLaunchTests.swift; sourceTree = "<group>"; };
		7D2F102F270E03F20032B306 /* Weather.swift */ = {isa = PBXFileReference; lastKnownFileType = sourcecode.swift; path = Weather.swift; sourceTree = "<group>"; };
		7D2F1031270E06AF0032B306 /* ForecastWeather.swift */ = {isa = PBXFileReference; lastKnownFileType = sourcecode.swift; path = ForecastWeather.swift; sourceTree = "<group>"; };
		7D2F1033270E06D60032B306 /* WeatherService.swift */ = {isa = PBXFileReference; lastKnownFileType = sourcecode.swift; path = WeatherService.swift; sourceTree = "<group>"; };
		7D2F1035270E081B0032B306 /* Config.xcconfig */ = {isa = PBXFileReference; lastKnownFileType = text.xcconfig; path = Config.xcconfig; sourceTree = "<group>"; };
		7D2F1037270E0A270032B306 /* Info.plist */ = {isa = PBXFileReference; lastKnownFileType = text.plist; path = Info.plist; sourceTree = "<group>"; };
		7D2F1038270E0A6F0032B306 /* Configuration.swift */ = {isa = PBXFileReference; lastKnownFileType = sourcecode.swift; path = Configuration.swift; sourceTree = "<group>"; };
		7D2F103E270E1B6F0032B306 /* CurrentWeather.swift */ = {isa = PBXFileReference; lastKnownFileType = sourcecode.swift; path = CurrentWeather.swift; sourceTree = "<group>"; };
		7D2F1040270E1B810032B306 /* WeatherRow.swift */ = {isa = PBXFileReference; lastKnownFileType = sourcecode.swift; path = WeatherRow.swift; sourceTree = "<group>"; };
/* End PBXFileReference section */

/* Begin PBXFrameworksBuildPhase section */
		7D2F0FFF270E03460032B306 /* Frameworks */ = {
			isa = PBXFrameworksBuildPhase;
			buildActionMask = 2147483647;
			files = (
			);
			runOnlyForDeploymentPostprocessing = 0;
		};
		7D2F100F270E03490032B306 /* Frameworks */ = {
			isa = PBXFrameworksBuildPhase;
			buildActionMask = 2147483647;
			files = (
			);
			runOnlyForDeploymentPostprocessing = 0;
		};
		7D2F1019270E03490032B306 /* Frameworks */ = {
			isa = PBXFrameworksBuildPhase;
			buildActionMask = 2147483647;
			files = (
			);
			runOnlyForDeploymentPostprocessing = 0;
		};
/* End PBXFrameworksBuildPhase section */

/* Begin PBXGroup section */
		7D2F0FF9270E03460032B306 = {
			isa = PBXGroup;
			children = (
				7D2F1004270E03460032B306 /* Weather */,
				7D2F1015270E03490032B306 /* WeatherTests */,
				7D2F101F270E03490032B306 /* WeatherUITests */,
				7D2F1003270E03460032B306 /* Products */,
			);
			sourceTree = "<group>";
		};
		7D2F1003270E03460032B306 /* Products */ = {
			isa = PBXGroup;
			children = (
				7D2F1002270E03460032B306 /* Weather.app */,
				7D2F1012270E03490032B306 /* WeatherTests.xctest */,
				7D2F101C270E03490032B306 /* WeatherUITests.xctest */,
			);
			name = Products;
			sourceTree = "<group>";
		};
		7D2F1004270E03460032B306 /* Weather */ = {
			isa = PBXGroup;
			children = (
				7D2F1037270E0A270032B306 /* Info.plist */,
				7D2F1038270E0A6F0032B306 /* Configuration.swift */,
				7D2F1005270E03460032B306 /* WeatherApp.swift */,
				7D2F1007270E03460032B306 /* ContentView.swift */,
				7D2F1009270E03490032B306 /* Assets.xcassets */,
				7D2F100B270E03490032B306 /* Preview Content */,
				7D2F102F270E03F20032B306 /* Weather.swift */,
				7D2F1031270E06AF0032B306 /* ForecastWeather.swift */,
				7D2F1033270E06D60032B306 /* WeatherService.swift */,
				7D2F1035270E081B0032B306 /* Config.xcconfig */,
				7D2F103E270E1B6F0032B306 /* CurrentWeather.swift */,
				7D2F1040270E1B810032B306 /* WeatherRow.swift */,
			);
			path = Weather;
			sourceTree = "<group>";
		};
		7D2F100B270E03490032B306 /* Preview Content */ = {
			isa = PBXGroup;
			children = (
				7D2F100C270E03490032B306 /* Preview Assets.xcassets */,
			);
			path = "Preview Content";
			sourceTree = "<group>";
		};
		7D2F1015270E03490032B306 /* WeatherTests */ = {
			isa = PBXGroup;
			children = (
				7D2F1016270E03490032B306 /* WeatherTests.swift */,
			);
			path = WeatherTests;
			sourceTree = "<group>";
		};
		7D2F101F270E03490032B306 /* WeatherUITests */ = {
			isa = PBXGroup;
			children = (
				7D2F1020270E03490032B306 /* WeatherUITests.swift */,
				7D2F1022270E03490032B306 /* WeatherUITestsLaunchTests.swift */,
			);
			path = WeatherUITests;
			sourceTree = "<group>";
		};
/* End PBXGroup section */

/* Begin PBXNativeTarget section */
		7D2F1001270E03460032B306 /* Weather */ = {
			isa = PBXNativeTarget;
			buildConfigurationList = 7D2F1026270E03490032B306 /* Build configuration list for PBXNativeTarget "Weather" */;
			buildPhases = (
				7D2F0FFE270E03460032B306 /* Sources */,
				7D2F0FFF270E03460032B306 /* Frameworks */,
				7D2F1000270E03460032B306 /* Resources */,
			);
			buildRules = (
			);
			dependencies = (
			);
			name = Weather;
			productName = Weather;
			productReference = 7D2F1002270E03460032B306 /* Weather.app */;
			productType = "com.apple.product-type.application";
		};
		7D2F1011270E03490032B306 /* WeatherTests */ = {
			isa = PBXNativeTarget;
			buildConfigurationList = 7D2F1029270E03490032B306 /* Build configuration list for PBXNativeTarget "WeatherTests" */;
			buildPhases = (
				7D2F100E270E03490032B306 /* Sources */,
				7D2F100F270E03490032B306 /* Frameworks */,
				7D2F1010270E03490032B306 /* Resources */,
			);
			buildRules = (
			);
			dependencies = (
				7D2F1014270E03490032B306 /* PBXTargetDependency */,
			);
			name = WeatherTests;
			productName = WeatherTests;
			productReference = 7D2F1012270E03490032B306 /* WeatherTests.xctest */;
			productType = "com.apple.product-type.bundle.unit-test";
		};
		7D2F101B270E03490032B306 /* WeatherUITests */ = {
			isa = PBXNativeTarget;
			buildConfigurationList = 7D2F102C270E03490032B306 /* Build configuration list for PBXNativeTarget "WeatherUITests" */;
			buildPhases = (
				7D2F1018270E03490032B306 /* Sources */,
				7D2F1019270E03490032B306 /* Frameworks */,
				7D2F101A270E03490032B306 /* Resources */,
			);
			buildRules = (
			);
			dependencies = (
				7D2F101E270E03490032B306 /* PBXTargetDependency */,
			);
			name = WeatherUITests;
			productName = WeatherUITests;
			productReference = 7D2F101C270E03490032B306 /* WeatherUITests.xctest */;
			productType = "com.apple.product-type.bundle.ui-testing";
		};
/* End PBXNativeTarget section */

/* Begin PBXProject section */
		7D2F0FFA270E03460032B306 /* Project object */ = {
			isa = PBXProject;
			attributes = {
				BuildIndependentTargetsInParallel = 1;
				LastSwiftUpdateCheck = 1300;
				LastUpgradeCheck = 1300;
				TargetAttributes = {
					7D2F1001270E03460032B306 = {
						CreatedOnToolsVersion = 13.0;
					};
					7D2F1011270E03490032B306 = {
						CreatedOnToolsVersion = 13.0;
						TestTargetID = 7D2F1001270E03460032B306;
					};
					7D2F101B270E03490032B306 = {
						CreatedOnToolsVersion = 13.0;
						TestTargetID = 7D2F1001270E03460032B306;
					};
				};
			};
			buildConfigurationList = 7D2F0FFD270E03460032B306 /* Build configuration list for PBXProject "Weather" */;
			compatibilityVersion = "Xcode 13.0";
			developmentRegion = en;
			hasScannedForEncodings = 0;
			knownRegions = (
				en,
				Base,
			);
			mainGroup = 7D2F0FF9270E03460032B306;
			productRefGroup = 7D2F1003270E03460032B306 /* Products */;
			projectDirPath = "";
			projectRoot = "";
			targets = (
				7D2F1001270E03460032B306 /* Weather */,
				7D2F1011270E03490032B306 /* WeatherTests */,
				7D2F101B270E03490032B306 /* WeatherUITests */,
			);
		};
/* End PBXProject section */

/* Begin PBXResourcesBuildPhase section */
		7D2F1000270E03460032B306 /* Resources */ = {
			isa = PBXResourcesBuildPhase;
			buildActionMask = 2147483647;
			files = (
				7D2F100D270E03490032B306 /* Preview Assets.xcassets in Resources */,
				7D2F1036270E081B0032B306 /* Config.xcconfig in Resources */,
				7D2F100A270E03490032B306 /* Assets.xcassets in Resources */,
			);
			runOnlyForDeploymentPostprocessing = 0;
		};
		7D2F1010270E03490032B306 /* Resources */ = {
			isa = PBXResourcesBuildPhase;
			buildActionMask = 2147483647;
			files = (
			);
			runOnlyForDeploymentPostprocessing = 0;
		};
		7D2F101A270E03490032B306 /* Resources */ = {
			isa = PBXResourcesBuildPhase;
			buildActionMask = 2147483647;
			files = (
			);
			runOnlyForDeploymentPostprocessing = 0;
		};
/* End PBXResourcesBuildPhase section */

/* Begin PBXSourcesBuildPhase section */
		7D2F0FFE270E03460032B306 /* Sources */ = {
			isa = PBXSourcesBuildPhase;
			buildActionMask = 2147483647;
			files = (
				7D2F1039270E0A6F0032B306 /* Configuration.swift in Sources */,
				7D2F1034270E06D60032B306 /* WeatherService.swift in Sources */,
				7D2F1008270E03460032B306 /* ContentView.swift in Sources */,
				7D2F1041270E1B810032B306 /* WeatherRow.swift in Sources */,
				7D2F103F270E1B6F0032B306 /* CurrentWeather.swift in Sources */,
				7D2F1030270E03F20032B306 /* Weather.swift in Sources */,
				7D2F1006270E03460032B306 /* WeatherApp.swift in Sources */,
				7D2F1032270E06AF0032B306 /* ForecastWeather.swift in Sources */,
			);
			runOnlyForDeploymentPostprocessing = 0;
		};
		7D2F100E270E03490032B306 /* Sources */ = {
			isa = PBXSourcesBuildPhase;
			buildActionMask = 2147483647;
			files = (
				7D2F1017270E03490032B306 /* WeatherTests.swift in Sources */,
			);
			runOnlyForDeploymentPostprocessing = 0;
		};
		7D2F1018270E03490032B306 /* Sources */ = {
			isa = PBXSourcesBuildPhase;
			buildActionMask = 2147483647;
			files = (
				7D2F1021270E03490032B306 /* WeatherUITests.swift in Sources */,
				7D2F1023270E03490032B306 /* WeatherUITestsLaunchTests.swift in Sources */,
			);
			runOnlyForDeploymentPostprocessing = 0;
		};
/* End PBXSourcesBuildPhase section */

/* Begin PBXTargetDependency section */
		7D2F1014270E03490032B306 /* PBXTargetDependency */ = {
			isa = PBXTargetDependency;
			target = 7D2F1001270E03460032B306 /* Weather */;
			targetProxy = 7D2F1013270E03490032B306 /* PBXContainerItemProxy */;
		};
		7D2F101E270E03490032B306 /* PBXTargetDependency */ = {
			isa = PBXTargetDependency;
			target = 7D2F1001270E03460032B306 /* Weather */;
			targetProxy = 7D2F101D270E03490032B306 /* PBXContainerItemProxy */;
		};
/* End PBXTargetDependency section */

/* Begin XCBuildConfiguration section */
		7D2F1024270E03490032B306 /* Debug */ = {
			isa = XCBuildConfiguration;
			baseConfigurationReference = 7D2F1035270E081B0032B306 /* Config.xcconfig */;
			buildSettings = {
				ALWAYS_SEARCH_USER_PATHS = NO;
				CLANG_ANALYZER_NONNULL = YES;
				CLANG_ANALYZER_NUMBER_OBJECT_CONVERSION = YES_AGGRESSIVE;
				CLANG_CXX_LANGUAGE_STANDARD = "gnu++17";
				CLANG_CXX_LIBRARY = "libc++";
				CLANG_ENABLE_MODULES = YES;
				CLANG_ENABLE_OBJC_ARC = YES;
				CLANG_ENABLE_OBJC_WEAK = YES;
				CLANG_WARN_BLOCK_CAPTURE_AUTORELEASING = YES;
				CLANG_WARN_BOOL_CONVERSION = YES;
				CLANG_WARN_COMMA = YES;
				CLANG_WARN_CONSTANT_CONVERSION = YES;
				CLANG_WARN_DEPRECATED_OBJC_IMPLEMENTATIONS = YES;
				CLANG_WARN_DIRECT_OBJC_ISA_USAGE = YES_ERROR;
				CLANG_WARN_DOCUMENTATION_COMMENTS = YES;
				CLANG_WARN_EMPTY_BODY = YES;
				CLANG_WARN_ENUM_CONVERSION = YES;
				CLANG_WARN_INFINITE_RECURSION = YES;
				CLANG_WARN_INT_CONVERSION = YES;
				CLANG_WARN_NON_LITERAL_NULL_CONVERSION = YES;
				CLANG_WARN_OBJC_IMPLICIT_RETAIN_SELF = YES;
				CLANG_WARN_OBJC_LITERAL_CONVERSION = YES;
				CLANG_WARN_OBJC_ROOT_CLASS = YES_ERROR;
				CLANG_WARN_QUOTED_INCLUDE_IN_FRAMEWORK_HEADER = YES;
				CLANG_WARN_RANGE_LOOP_ANALYSIS = YES;
				CLANG_WARN_STRICT_PROTOTYPES = YES;
				CLANG_WARN_SUSPICIOUS_MOVE = YES;
				CLANG_WARN_UNGUARDED_AVAILABILITY = YES_AGGRESSIVE;
				CLANG_WARN_UNREACHABLE_CODE = YES;
				CLANG_WARN__DUPLICATE_METHOD_MATCH = YES;
				COPY_PHASE_STRIP = NO;
				DEBUG_INFORMATION_FORMAT = dwarf;
				ENABLE_STRICT_OBJC_MSGSEND = YES;
				ENABLE_TESTABILITY = YES;
				GCC_C_LANGUAGE_STANDARD = gnu11;
				GCC_DYNAMIC_NO_PIC = NO;
				GCC_NO_COMMON_BLOCKS = YES;
				GCC_OPTIMIZATION_LEVEL = 0;
				GCC_PREPROCESSOR_DEFINITIONS = (
					"DEBUG=1",
					"$(inherited)",
				);
				GCC_WARN_64_TO_32_BIT_CONVERSION = YES;
				GCC_WARN_ABOUT_RETURN_TYPE = YES_ERROR;
				GCC_WARN_UNDECLARED_SELECTOR = YES;
				GCC_WARN_UNINITIALIZED_AUTOS = YES_AGGRESSIVE;
				GCC_WARN_UNUSED_FUNCTION = YES;
				GCC_WARN_UNUSED_VARIABLE = YES;
				IPHONEOS_DEPLOYMENT_TARGET = 15.0;
				MTL_ENABLE_DEBUG_INFO = INCLUDE_SOURCE;
				MTL_FAST_MATH = YES;
				ONLY_ACTIVE_ARCH = YES;
				SDKROOT = iphoneos;
				SWIFT_ACTIVE_COMPILATION_CONDITIONS = DEBUG;
				SWIFT_OPTIMIZATION_LEVEL = "-Onone";
			};
			name = Debug;
		};
		7D2F1025270E03490032B306 /* Release */ = {
			isa = XCBuildConfiguration;
			buildSettings = {
				ALWAYS_SEARCH_USER_PATHS = NO;
				CLANG_ANALYZER_NONNULL = YES;
				CLANG_ANALYZER_NUMBER_OBJECT_CONVERSION = YES_AGGRESSIVE;
				CLANG_CXX_LANGUAGE_STANDARD = "gnu++17";
				CLANG_CXX_LIBRARY = "libc++";
				CLANG_ENABLE_MODULES = YES;
				CLANG_ENABLE_OBJC_ARC = YES;
				CLANG_ENABLE_OBJC_WEAK = YES;
				CLANG_WARN_BLOCK_CAPTURE_AUTORELEASING = YES;
				CLANG_WARN_BOOL_CONVERSION = YES;
				CLANG_WARN_COMMA = YES;
				CLANG_WARN_CONSTANT_CONVERSION = YES;
				CLANG_WARN_DEPRECATED_OBJC_IMPLEMENTATIONS = YES;
				CLANG_WARN_DIRECT_OBJC_ISA_USAGE = YES_ERROR;
				CLANG_WARN_DOCUMENTATION_COMMENTS = YES;
				CLANG_WARN_EMPTY_BODY = YES;
				CLANG_WARN_ENUM_CONVERSION = YES;
				CLANG_WARN_INFINITE_RECURSION = YES;
				CLANG_WARN_INT_CONVERSION = YES;
				CLANG_WARN_NON_LITERAL_NULL_CONVERSION = YES;
				CLANG_WARN_OBJC_IMPLICIT_RETAIN_SELF = YES;
				CLANG_WARN_OBJC_LITERAL_CONVERSION = YES;
				CLANG_WARN_OBJC_ROOT_CLASS = YES_ERROR;
				CLANG_WARN_QUOTED_INCLUDE_IN_FRAMEWORK_HEADER = YES;
				CLANG_WARN_RANGE_LOOP_ANALYSIS = YES;
				CLANG_WARN_STRICT_PROTOTYPES = YES;
				CLANG_WARN_SUSPICIOUS_MOVE = YES;
				CLANG_WARN_UNGUARDED_AVAILABILITY = YES_AGGRESSIVE;
				CLANG_WARN_UNREACHABLE_CODE = YES;
				CLANG_WARN__DUPLICATE_METHOD_MATCH = YES;
				COPY_PHASE_STRIP = NO;
				DEBUG_INFORMATION_FORMAT = "dwarf-with-dsym";
				ENABLE_NS_ASSERTIONS = NO;
				ENABLE_STRICT_OBJC_MSGSEND = YES;
				GCC_C_LANGUAGE_STANDARD = gnu11;
				GCC_NO_COMMON_BLOCKS = YES;
				GCC_WARN_64_TO_32_BIT_CONVERSION = YES;
				GCC_WARN_ABOUT_RETURN_TYPE = YES_ERROR;
				GCC_WARN_UNDECLARED_SELECTOR = YES;
				GCC_WARN_UNINITIALIZED_AUTOS = YES_AGGRESSIVE;
				GCC_WARN_UNUSED_FUNCTION = YES;
				GCC_WARN_UNUSED_VARIABLE = YES;
				IPHONEOS_DEPLOYMENT_TARGET = 15.0;
				MTL_ENABLE_DEBUG_INFO = NO;
				MTL_FAST_MATH = YES;
				SDKROOT = iphoneos;
				SWIFT_COMPILATION_MODE = wholemodule;
				SWIFT_OPTIMIZATION_LEVEL = "-O";
				VALIDATE_PRODUCT = YES;
			};
			name = Release;
		};
		7D2F1027270E03490032B306 /* Debug */ = {
			isa = XCBuildConfiguration;
			buildSettings = {
				ASSETCATALOG_COMPILER_APPICON_NAME = AppIcon;
				ASSETCATALOG_COMPILER_GLOBAL_ACCENT_COLOR_NAME = AccentColor;
				CODE_SIGN_STYLE = Automatic;
				CURRENT_PROJECT_VERSION = 1;
				DEVELOPMENT_ASSET_PATHS = "\"Weather/Preview Content\"";
				DEVELOPMENT_TEAM = ZMMPAGSL2B;
				ENABLE_PREVIEWS = YES;
				GENERATE_INFOPLIST_FILE = YES;
				INFOPLIST_FILE = Weather/Info.plist;
				INFOPLIST_KEY_UIApplicationSceneManifest_Generation = YES;
				INFOPLIST_KEY_UIApplicationSupportsIndirectInputEvents = YES;
				INFOPLIST_KEY_UILaunchScreen_Generation = YES;
				INFOPLIST_KEY_UISupportedInterfaceOrientations_iPad = "UIInterfaceOrientationPortrait UIInterfaceOrientationPortraitUpsideDown UIInterfaceOrientationLandscapeLeft UIInterfaceOrientationLandscapeRight";
				INFOPLIST_KEY_UISupportedInterfaceOrientations_iPhone = "UIInterfaceOrientationPortrait UIInterfaceOrientationLandscapeLeft UIInterfaceOrientationLandscapeRight";
				IPHONEOS_DEPLOYMENT_TARGET = 14.0;
				LD_RUNPATH_SEARCH_PATHS = (
					"$(inherited)",
					"@executable_path/Frameworks",
				);
				MARKETING_VERSION = 1.0;
				PRODUCT_BUNDLE_IDENTIFIER = davpost.Weather;
				PRODUCT_NAME = "$(TARGET_NAME)";
				SWIFT_EMIT_LOC_STRINGS = YES;
				SWIFT_VERSION = 5.0;
				TARGETED_DEVICE_FAMILY = "1,2";
			};
			name = Debug;
		};
		7D2F1028270E03490032B306 /* Release */ = {
			isa = XCBuildConfiguration;
			buildSettings = {
				ASSETCATALOG_COMPILER_APPICON_NAME = AppIcon;
				ASSETCATALOG_COMPILER_GLOBAL_ACCENT_COLOR_NAME = AccentColor;
				CODE_SIGN_STYLE = Automatic;
				CURRENT_PROJECT_VERSION = 1;
				DEVELOPMENT_ASSET_PATHS = "\"Weather/Preview Content\"";
				DEVELOPMENT_TEAM = ZMMPAGSL2B;
				ENABLE_PREVIEWS = YES;
				GENERATE_INFOPLIST_FILE = YES;
				INFOPLIST_FILE = Weather/Info.plist;
				INFOPLIST_KEY_UIApplicationSceneManifest_Generation = YES;
				INFOPLIST_KEY_UIApplicationSupportsIndirectInputEvents = YES;
				INFOPLIST_KEY_UILaunchScreen_Generation = YES;
				INFOPLIST_KEY_UISupportedInterfaceOrientations_iPad = "UIInterfaceOrientationPortrait UIInterfaceOrientationPortraitUpsideDown UIInterfaceOrientationLandscapeLeft UIInterfaceOrientationLandscapeRight";
				INFOPLIST_KEY_UISupportedInterfaceOrientations_iPhone = "UIInterfaceOrientationPortrait UIInterfaceOrientationLandscapeLeft UIInterfaceOrientationLandscapeRight";
				IPHONEOS_DEPLOYMENT_TARGET = 14.0;
				LD_RUNPATH_SEARCH_PATHS = (
					"$(inherited)",
					"@executable_path/Frameworks",
				);
				MARKETING_VERSION = 1.0;
				PRODUCT_BUNDLE_IDENTIFIER = davpost.Weather;
				PRODUCT_NAME = "$(TARGET_NAME)";
				SWIFT_EMIT_LOC_STRINGS = YES;
				SWIFT_VERSION = 5.0;
				TARGETED_DEVICE_FAMILY = "1,2";
			};
			name = Release;
		};
		7D2F102A270E03490032B306 /* Debug */ = {
			isa = XCBuildConfiguration;
			buildSettings = {
				ALWAYS_EMBED_SWIFT_STANDARD_LIBRARIES = YES;
				BUNDLE_LOADER = "$(TEST_HOST)";
				CODE_SIGN_STYLE = Automatic;
				CURRENT_PROJECT_VERSION = 1;
				DEVELOPMENT_TEAM = ZMMPAGSL2B;
				GENERATE_INFOPLIST_FILE = YES;
				IPHONEOS_DEPLOYMENT_TARGET = 14.0;
				LD_RUNPATH_SEARCH_PATHS = (
					"$(inherited)",
					"@executable_path/Frameworks",
					"@loader_path/Frameworks",
				);
				MARKETING_VERSION = 1.0;
				PRODUCT_BUNDLE_IDENTIFIER = davpost.WeatherTests;
				PRODUCT_NAME = "$(TARGET_NAME)";
				SWIFT_EMIT_LOC_STRINGS = NO;
				SWIFT_VERSION = 5.0;
				TARGETED_DEVICE_FAMILY = "1,2";
				TEST_HOST = "$(BUILT_PRODUCTS_DIR)/Weather.app/Weather";
			};
			name = Debug;
		};
		7D2F102B270E03490032B306 /* Release */ = {
			isa = XCBuildConfiguration;
			buildSettings = {
				ALWAYS_EMBED_SWIFT_STANDARD_LIBRARIES = YES;
				BUNDLE_LOADER = "$(TEST_HOST)";
				CODE_SIGN_STYLE = Automatic;
				CURRENT_PROJECT_VERSION = 1;
				DEVELOPMENT_TEAM = ZMMPAGSL2B;
				GENERATE_INFOPLIST_FILE = YES;
				IPHONEOS_DEPLOYMENT_TARGET = 14.0;
				LD_RUNPATH_SEARCH_PATHS = (
					"$(inherited)",
					"@executable_path/Frameworks",
					"@loader_path/Frameworks",
				);
				MARKETING_VERSION = 1.0;
				PRODUCT_BUNDLE_IDENTIFIER = davpost.WeatherTests;
				PRODUCT_NAME = "$(TARGET_NAME)";
				SWIFT_EMIT_LOC_STRINGS = NO;
				SWIFT_VERSION = 5.0;
				TARGETED_DEVICE_FAMILY = "1,2";
				TEST_HOST = "$(BUILT_PRODUCTS_DIR)/Weather.app/Weather";
			};
			name = Release;
		};
		7D2F102D270E03490032B306 /* Debug */ = {
			isa = XCBuildConfiguration;
			buildSettings = {
				ALWAYS_EMBED_SWIFT_STANDARD_LIBRARIES = YES;
				CODE_SIGN_STYLE = Automatic;
				CURRENT_PROJECT_VERSION = 1;
				DEVELOPMENT_TEAM = ZMMPAGSL2B;
				GENERATE_INFOPLIST_FILE = YES;
				LD_RUNPATH_SEARCH_PATHS = (
					"$(inherited)",
					"@executable_path/Frameworks",
					"@loader_path/Frameworks",
				);
				MARKETING_VERSION = 1.0;
				PRODUCT_BUNDLE_IDENTIFIER = davpost.WeatherUITests;
				PRODUCT_NAME = "$(TARGET_NAME)";
				SWIFT_EMIT_LOC_STRINGS = NO;
				SWIFT_VERSION = 5.0;
				TARGETED_DEVICE_FAMILY = "1,2";
				TEST_TARGET_NAME = Weather;
			};
			name = Debug;
		};
		7D2F102E270E03490032B306 /* Release */ = {
			isa = XCBuildConfiguration;
			buildSettings = {
				ALWAYS_EMBED_SWIFT_STANDARD_LIBRARIES = YES;
				CODE_SIGN_STYLE = Automatic;
				CURRENT_PROJECT_VERSION = 1;
				DEVELOPMENT_TEAM = ZMMPAGSL2B;
				GENERATE_INFOPLIST_FILE = YES;
				LD_RUNPATH_SEARCH_PATHS = (
					"$(inherited)",
					"@executable_path/Frameworks",
					"@loader_path/Frameworks",
				);
				MARKETING_VERSION = 1.0;
				PRODUCT_BUNDLE_IDENTIFIER = davpost.WeatherUITests;
				PRODUCT_NAME = "$(TARGET_NAME)";
				SWIFT_EMIT_LOC_STRINGS = NO;
				SWIFT_VERSION = 5.0;
				TARGETED_DEVICE_FAMILY = "1,2";
				TEST_TARGET_NAME = Weather;
			};
			name = Release;
		};
/* End XCBuildConfiguration section */

/* Begin XCConfigurationList section */
		7D2F0FFD270E03460032B306 /* Build configuration list for PBXProject "Weather" */ = {
			isa = XCConfigurationList;
			buildConfigurations = (
				7D2F1024270E03490032B306 /* Debug */,
				7D2F1025270E03490032B306 /* Release */,
			);
			defaultConfigurationIsVisible = 0;
			defaultConfigurationName = Release;
		};
		7D2F1026270E03490032B306 /* Build configuration list for PBXNativeTarget "Weather" */ = {
			isa = XCConfigurationList;
			buildConfigurations = (
				7D2F1027270E03490032B306 /* Debug */,
				7D2F1028270E03490032B306 /* Release */,
			);
			defaultConfigurationIsVisible = 0;
			defaultConfigurationName = Release;
		};
		7D2F1029270E03490032B306 /* Build configuration list for PBXNativeTarget "WeatherTests" */ = {
			isa = XCConfigurationList;
			buildConfigurations = (
				7D2F102A270E03490032B306 /* Debug */,
				7D2F102B270E03490032B306 /* Release */,
			);
			defaultConfigurationIsVisible = 0;
			defaultConfigurationName = Release;
		};
		7D2F102C270E03490032B306 /* Build configuration list for PBXNativeTarget "WeatherUITests" */ = {
			isa = XCConfigurationList;
			buildConfigurations = (
				7D2F102D270E03490032B306 /* Debug */,
				7D2F102E270E03490032B306 /* Release */,
			);
			defaultConfigurationIsVisible = 0;
			defaultConfigurationName = Release;
		};
/* End XCConfigurationList section */
	};
	rootObject = 7D2F0FFA270E03460032B306 /* Project object */;
}
